
Microsoft Visual Studio Solution File, Format Version 12.00
Project("{FAE04EC0-301F-11D3-BF4B-00C04F79EFBC}") = "Online_Shop", "Online_Shop\Online_Shop.csproj", "{B033A2AF-DCEB-4F6A-B859-928A555B9B47}"
EndProject
Global
	GlobalSection(SolutionConfigurationPlatforms) = preSolution
		Debug|Any CPU = Debug|Any CPU
		Release|Any CPU = Release|Any CPU
	EndGlobalSection
	GlobalSection(ProjectConfigurationPlatforms) = postSolution
		{B033A2AF-DCEB-4F6A-B859-928A555B9B47}.Debug|Any CPU.ActiveCfg = Debug|Any CPU
		{B033A2AF-DCEB-4F6A-B859-928A555B9B47}.Debug|Any CPU.Build.0 = Debug|Any CPU
		{B033A2AF-DCEB-4F6A-B859-928A555B9B47}.Release|Any CPU.ActiveCfg = Release|Any CPU
		{B033A2AF-DCEB-4F6A-B859-928A555B9B47}.Release|Any CPU.Build.0 = Release|Any CPU
	EndGlobalSection
EndGlobal
